
Microsoft Visual Studio Solution File, Format Version 12.00
# Visual Studio Version 17
VisualStudioVersion = 17.9.34616.47
MinimumVisualStudioVersion = 10.0.40219.1
Project("{9A19103F-16F7-4668-BE54-9A1E7A4F7556}") = "SistemaDeVotacion", "SistemaDeVotacion\SistemaDeVotacion.csproj", "{F42F59AD-83B8-4111-A045-9B58ECE5CDFB}"
EndProject
Project("{2150E333-8FDC-42A3-9474-1A3956D46DE8}") = "Elementos de la solución", "Elementos de la solución", "{98186DC5-24E4-4055-B4FF-511B4911F4A3}"
EndProject
Project("{FAE04EC0-301F-11D3-BF4B-00C04F79EFBC}") = "SpecFlowSistemaVotacion.Specs", "SpecFlowSistemaVotacion.Specs\SpecFlowSistemaVotacion.Specs.csproj", "{16A70075-01F3-4587-BE81-B9838AF9ADC4}"
EndProject
Global
	GlobalSection(SolutionConfigurationPlatforms) = preSolution
		Debug|Any CPU = Debug|Any CPU
		Release|Any CPU = Release|Any CPU
	EndGlobalSection
	GlobalSection(ProjectConfigurationPlatforms) = postSolution
		{F42F59AD-83B8-4111-A045-9B58ECE5CDFB}.Debug|Any CPU.ActiveCfg = Debug|Any CPU
		{F42F59AD-83B8-4111-A045-9B58ECE5CDFB}.Debug|Any CPU.Build.0 = Debug|Any CPU
		{F42F59AD-83B8-4111-A045-9B58ECE5CDFB}.Release|Any CPU.ActiveCfg = Release|Any CPU
		{F42F59AD-83B8-4111-A045-9B58ECE5CDFB}.Release|Any CPU.Build.0 = Release|Any CPU
		{16A70075-01F3-4587-BE81-B9838AF9ADC4}.Debug|Any CPU.ActiveCfg = Debug|Any CPU
		{16A70075-01F3-4587-BE81-B9838AF9ADC4}.Debug|Any CPU.Build.0 = Debug|Any CPU
		{16A70075-01F3-4587-BE81-B9838AF9ADC4}.Release|Any CPU.ActiveCfg = Release|Any CPU
		{16A70075-01F3-4587-BE81-B9838AF9ADC4}.Release|Any CPU.Build.0 = Release|Any CPU
	EndGlobalSection
	GlobalSection(SolutionProperties) = preSolution
		HideSolutionNode = FALSE
	EndGlobalSection
	GlobalSection(ExtensibilityGlobals) = postSolution
		SolutionGuid = {85264BCA-948B-418F-BCB8-F34C6046CB3D}
	EndGlobalSection
EndGlobal
